
Microsoft Visual Studio Solution File, Format Version 12.00
# Visual Studio Version 17
VisualStudioVersion = 17.9.34714.143
MinimumVisualStudioVersion = 10.0.40219.1
Project("{9A19103F-16F7-4668-BE54-9A1E7A4F7556}") = "assessment", "assessment\assessment.csproj", "{AEEEC906-76D6-4196-AD26-A9EBB8DDEBB6}"
EndProject
Project("{FAE04EC0-301F-11D3-BF4B-00C04F79EFBC}") = "testing", "testing\testing.csproj", "{069E60CF-8FC6-4042-B8A4-D0C23F1820EB}"
EndProject
Global
	GlobalSection(SolutionConfigurationPlatforms) = preSolution
		Debug|Any CPU = Debug|Any CPU
		Release|Any CPU = Release|Any CPU
	EndGlobalSection
	GlobalSection(ProjectConfigurationPlatforms) = postSolution
		{AEEEC906-76D6-4196-AD26-A9EBB8DDEBB6}.Debug|Any CPU.ActiveCfg = Debug|Any CPU
		{AEEEC906-76D6-4196-AD26-A9EBB8DDEBB6}.Debug|Any CPU.Build.0 = Debug|Any CPU
		{AEEEC906-76D6-4196-AD26-A9EBB8DDEBB6}.Release|Any CPU.ActiveCfg = Release|Any CPU
		{AEEEC906-76D6-4196-AD26-A9EBB8DDEBB6}.Release|Any CPU.Build.0 = Release|Any CPU
		{069E60CF-8FC6-4042-B8A4-D0C23F1820EB}.Debug|Any CPU.ActiveCfg = Debug|Any CPU
		{069E60CF-8FC6-4042-B8A4-D0C23F1820EB}.Debug|Any CPU.Build.0 = Debug|Any CPU
		{069E60CF-8FC6-4042-B8A4-D0C23F1820EB}.Release|Any CPU.ActiveCfg = Release|Any CPU
		{069E60CF-8FC6-4042-B8A4-D0C23F1820EB}.Release|Any CPU.Build.0 = Release|Any CPU
	EndGlobalSection
	GlobalSection(SolutionProperties) = preSolution
		HideSolutionNode = FALSE
	EndGlobalSection
	GlobalSection(ExtensibilityGlobals) = postSolution
		SolutionGuid = {B194F3A3-B0A0-48B8-A115-ABDF152AE63C}
	EndGlobalSection
EndGlobal
